
Microsoft Visual Studio Solution File, Format Version 11.00
# Visual Studio 2010
Project("{FAE04EC0-301F-11D3-BF4B-00C04F79EFBC}") = "Assembly-CSharp", "Assembly-CSharp.csproj", "{c26a6d64-a5e0-6621-eec0-f556833b6417}"
EndProject
Project("{FAE04EC0-301F-11D3-BF4B-00C04F79EFBC}") = "Assembly-CSharp-Editor", "Assembly-CSharp-Editor.csproj", "{0c44cb24-2f72-5e8d-677a-459851cd2acb}"
EndProject
Global
	GlobalSection(SolutionConfigurationPlatforms) = preSolution
		Debug|Any CPU = Debug|Any CPU
	EndGlobalSection
	GlobalSection(ProjectConfigurationPlatforms) = postSolution
		{c26a6d64-a5e0-6621-eec0-f556833b6417}.Debug|Any CPU.ActiveCfg = Debug|Any CPU
		{c26a6d64-a5e0-6621-eec0-f556833b6417}.Debug|Any CPU.Build.0 = Debug|Any CPU
		{0c44cb24-2f72-5e8d-677a-459851cd2acb}.Debug|Any CPU.ActiveCfg = Debug|Any CPU
		{0c44cb24-2f72-5e8d-677a-459851cd2acb}.Debug|Any CPU.Build.0 = Debug|Any CPU
	EndGlobalSection
	GlobalSection(SolutionProperties) = preSolution
		HideSolutionNode = FALSE
	EndGlobalSection
EndGlobal
