
Microsoft Visual Studio Solution File, Format Version 11.00
# Visual Studio 2010
Project("{FAE04EC0-301F-11D3-BF4B-00C04F79EFBC}") = "Assembly-CSharp", "Assembly-CSharp.csproj", "{c930b321-12b8-71bc-dd66-41be067f619e}"
EndProject
Project("{FAE04EC0-301F-11D3-BF4B-00C04F79EFBC}") = "Assembly-CSharp-Editor", "Assembly-CSharp-Editor.csproj", "{b5957a69-238a-a3f3-bb37-9c19b839ba67}"
EndProject
Global
	GlobalSection(SolutionConfigurationPlatforms) = preSolution
		Debug|Any CPU = Debug|Any CPU
	EndGlobalSection
	GlobalSection(ProjectConfigurationPlatforms) = postSolution
		{c930b321-12b8-71bc-dd66-41be067f619e}.Debug|Any CPU.ActiveCfg = Debug|Any CPU
		{c930b321-12b8-71bc-dd66-41be067f619e}.Debug|Any CPU.Build.0 = Debug|Any CPU
		{b5957a69-238a-a3f3-bb37-9c19b839ba67}.Debug|Any CPU.ActiveCfg = Debug|Any CPU
		{b5957a69-238a-a3f3-bb37-9c19b839ba67}.Debug|Any CPU.Build.0 = Debug|Any CPU
	EndGlobalSection
	GlobalSection(SolutionProperties) = preSolution
		HideSolutionNode = FALSE
	EndGlobalSection
EndGlobal
