
Microsoft Visual Studio Solution File, Format Version 11.00
# Visual Studio 2010
Project("{FAE04EC0-301F-11D3-BF4B-00C04F79EFBC}") = "Assembly-CSharp", "Assembly-CSharp.csproj", "{f9060d80-4440-adf1-f263-f14185d1683a}"
EndProject
Project("{FAE04EC0-301F-11D3-BF4B-00C04F79EFBC}") = "Assembly-CSharp-Editor", "Assembly-CSharp-Editor.csproj", "{0a61aa69-15d2-f38d-328d-ad507cd7909c}"
EndProject
Global
	GlobalSection(SolutionConfigurationPlatforms) = preSolution
		Debug|Any CPU = Debug|Any CPU
	EndGlobalSection
	GlobalSection(ProjectConfigurationPlatforms) = postSolution
		{f9060d80-4440-adf1-f263-f14185d1683a}.Debug|Any CPU.ActiveCfg = Debug|Any CPU
		{f9060d80-4440-adf1-f263-f14185d1683a}.Debug|Any CPU.Build.0 = Debug|Any CPU
		{0a61aa69-15d2-f38d-328d-ad507cd7909c}.Debug|Any CPU.ActiveCfg = Debug|Any CPU
		{0a61aa69-15d2-f38d-328d-ad507cd7909c}.Debug|Any CPU.Build.0 = Debug|Any CPU
	EndGlobalSection
	GlobalSection(SolutionProperties) = preSolution
		HideSolutionNode = FALSE
	EndGlobalSection
EndGlobal
